{
  "originHash" : "75b0eed6a290dc784c105cf5b3c4502efd76b8f45e1090b4198d9d2b3f937b7f",
  "pins" : [
    {
      "identity" : "swiftradix",
      "kind" : "remoteSourceControl",
      "location" : "https://github.com/orchetect/SwiftRadix.git",
      "state" : {
        "revision" : "a52c37a4c213403f7377ae77b4c68451bcab8330",
        "version" : "1.3.1"
      }
    }
  ],
  "version" : 3
}
